
Microsoft Visual Studio Solution File, Format Version 12.00
# Visual Studio Version 16
VisualStudioVersion = 16.0.29613.14
MinimumVisualStudioVersion = 10.0.40219.1
Project("{FAE04EC0-301F-11D3-BF4B-00C04F79EFBC}") = "D_Structures_TermProject", "D_Structures_TermProject\D_Structures_TermProject.csproj", "{98DB5ED4-669E-4D30-A9E4-EBD2797AA972}"
EndProject
Global
	GlobalSection(SolutionConfigurationPlatforms) = preSolution
		Debug|Any CPU = Debug|Any CPU
		Release|Any CPU = Release|Any CPU
	EndGlobalSection
	GlobalSection(ProjectConfigurationPlatforms) = postSolution
		{98DB5ED4-669E-4D30-A9E4-EBD2797AA972}.Debug|Any CPU.ActiveCfg = Debug|Any CPU
		{98DB5ED4-669E-4D30-A9E4-EBD2797AA972}.Debug|Any CPU.Build.0 = Debug|Any CPU
		{98DB5ED4-669E-4D30-A9E4-EBD2797AA972}.Release|Any CPU.ActiveCfg = Release|Any CPU
		{98DB5ED4-669E-4D30-A9E4-EBD2797AA972}.Release|Any CPU.Build.0 = Release|Any CPU
	EndGlobalSection
	GlobalSection(SolutionProperties) = preSolution
		HideSolutionNode = FALSE
	EndGlobalSection
	GlobalSection(ExtensibilityGlobals) = postSolution
		SolutionGuid = {823A7C12-7720-49A2-865C-896EF3058B77}
	EndGlobalSection
EndGlobal
